
Microsoft Visual Studio Solution File, Format Version 12.00
# Visual Studio Version 16
VisualStudioVersion = 16.0.30907.101
MinimumVisualStudioVersion = 10.0.40219.1
Project("{FAE04EC0-301F-11D3-BF4B-00C04F79EFBC}") = "CardListUpdater", "CardListUpdater.csproj", "{1DD7E573-6A7D-4D32-B518-395375849438}"
EndProject
Global
	GlobalSection(SolutionConfigurationPlatforms) = preSolution
		Debug|Any CPU = Debug|Any CPU
		Release|Any CPU = Release|Any CPU
	EndGlobalSection
	GlobalSection(ProjectConfigurationPlatforms) = postSolution
		{1DD7E573-6A7D-4D32-B518-395375849438}.Debug|Any CPU.ActiveCfg = Debug|Any CPU
		{1DD7E573-6A7D-4D32-B518-395375849438}.Debug|Any CPU.Build.0 = Debug|Any CPU
		{1DD7E573-6A7D-4D32-B518-395375849438}.Release|Any CPU.ActiveCfg = Release|Any CPU
		{1DD7E573-6A7D-4D32-B518-395375849438}.Release|Any CPU.Build.0 = Release|Any CPU
	EndGlobalSection
	GlobalSection(SolutionProperties) = preSolution
		HideSolutionNode = FALSE
	EndGlobalSection
	GlobalSection(ExtensibilityGlobals) = postSolution
		SolutionGuid = {9B096015-FA12-47BC-ABD9-735B4BF7DF33}
	EndGlobalSection
EndGlobal
